<Solution>
  <Project Path="Unity.Timeline.csproj" />
  <Project Path="Unity.PlasticSCM.Editor.csproj" />
  <Project Path="Assembly-CSharp.csproj" Id="bfdf9c8b-a746-bbf7-3693-34a19a78e0fd" />
  <Project Path="Unity.Mathematics.csproj" />
  <Project Path="Unity.Timeline.Editor.csproj" />
  <Project Path="Assembly-CSharp-firstpass.csproj" Id="d8822f30-99be-c32b-d084-27256fb9fb22" />
  <Project Path="Unity.Collections.csproj" />
  <Project Path="Unity.ProjectAuditor.Editor.csproj" />
  <Project Path="Unity.VisualScripting.Core.Editor.csproj" />
  <Project Path="Unity.PerformanceTesting.Editor.csproj" />
  <Project Path="Unity.Burst.csproj" />
  <Project Path="Unity.VisualScripting.Flow.Editor.csproj" />
  <Project Path="Unity.VisualStudio.Editor.csproj" />
  <Project Path="Unity.InputSystem.csproj" />
  <Project Path="Unity.ProjectAuditor.Editor.UI.Framework.csproj" />
  <Project Path="Unity.Searcher.Editor.csproj" />
  <Project Path="Unity.VisualScripting.Core.csproj" />
  <Project Path="Unity.VisualScripting.State.Editor.csproj" />
  <Project Path="Autodesk.Fbx.csproj" />
  <Project Path="Unity.TestTools.CodeCoverage.Editor.csproj" />
  <Project Path="Unity.Burst.CodeGen.csproj" />
  <Project Path="Unity.Postprocessing.Editor.csproj" />
  <Project Path="Unity.VisualScripting.Flow.csproj" />
  <Project Path="Unity.PerformanceTesting.csproj" />
  <Project Path="Unity.TestTools.CodeCoverage.Editor.OpenCover.Model.csproj" />
  <Project Path="Assembly-CSharp-Editor-firstpass.csproj" Id="d4257890-326d-b963-3b1b-078b625ae0cd" />
  <Project Path="Assembly-CSharp-Editor.csproj" Id="de8b91d7-881c-1bf1-0c3b-4456ef8a9878" />
  <Project Path="Unity.Burst.Editor.csproj" />
  <Project Path="Unity.TestTools.CodeCoverage.Editor.OpenCover.Mono.Reflection.csproj" />
  <Project Path="Unity.Rider.Editor.csproj" />
  <Project Path="Unity.VisualScripting.State.csproj" />
  <Project Path="Unity.Formats.Fbx.Editor.csproj" />
  <Project Path="Unity.Performance.Profile-Analyzer.Editor.csproj" />
  <Project Path="Unity.Postprocessing.Runtime.csproj" />
  <Project Path="FMODUnityResonanceEditor.csproj" Id="37c382c3-d84c-3ba7-3180-c3484380d749" />
  <Project Path="FMODUnityEditor.csproj" Id="c6cb32a1-0e06-8552-5d89-5334fcd6838c" />
  <Project Path="FMODUnity.csproj" Id="2e473481-18e7-c01c-a61f-0aeb83f4d5a3" />
  <Project Path="Unity.InputSystem.ForUI.csproj" />
  <Project Path="Unity.Collections.CodeGen.csproj" />
  <Project Path="FMODUnityHaptics.csproj" Id="1933359b-8dbb-4144-9303-ed59cf4baa98" />
  <Project Path="Unity.Mathematics.Editor.csproj" />
  <Project Path="Unity.VisualScripting.SettingsProvider.Editor.csproj" />
  <Project Path="Unity.ProjectAuditor.Editor.Utils.csproj" />
  <Project Path="Unity.ProjectAuditor.Editor.UI.csproj" />
  <Project Path="Unity.Settings.Editor.csproj" />
  <Project Path="Unity.InputSystem.TestFramework.csproj" />
  <Project Path="Unity.VisualScripting.Shared.Editor.csproj" />
  <Project Path="Unity.EditorCoroutines.Editor.csproj" />
  <Project Path="FMODUnityResonance.csproj" Id="aefd9959-8926-5578-817d-7d4c24dbc693" />
  <Project Path="Domain_Reload.csproj" />
  <Project Path="Unity.CollabProxy.Editor.csproj" />
  <Project Path="Unity.InputSystem.DocCodeSamples.csproj" />
  <Project Path="Unity.Formats.Fbx.Runtime.csproj" />
  <Project Path="Unity.VisualScripting.DocCodeExamples.csproj" />
  <Project Path="Autodesk.Fbx.Editor.csproj" />
  <Project Path="Unity.PlasticSCM.Editor.Entities.csproj" />
  <Project Path="Unity.Collections.Editor.csproj" />
  <Project Path="Autodesk.Fbx.BuildTestAssets.csproj" />
</Solution>
