<Solution>
  <Project Path="Assembly-CSharp.csproj" Id="bfdf9c8b-a746-bbf7-3693-34a19a78e0fd" />
  <Project Path="Assembly-CSharp-firstpass.csproj" Id="d8822f30-99be-c32b-d084-27256fb9fb22" />
  <Project Path="Assembly-CSharp-Editor-firstpass.csproj" Id="d4257890-326d-b963-3b1b-078b625ae0cd" />
  <Project Path="Assembly-CSharp-Editor.csproj" Id="de8b91d7-881c-1bf1-0c3b-4456ef8a9878" />
  <Project Path="FMODUnityResonanceEditor.csproj" Id="37c382c3-d84c-3ba7-3180-c3484380d749" />
  <Project Path="FMODUnityEditor.csproj" Id="c6cb32a1-0e06-8552-5d89-5334fcd6838c" />
  <Project Path="FMODUnity.csproj" Id="2e473481-18e7-c01c-a61f-0aeb83f4d5a3" />
  <Project Path="FMODUnityHaptics.csproj" Id="1933359b-8dbb-4144-9303-ed59cf4baa98" />
  <Project Path="FMODUnityResonance.csproj" Id="aefd9959-8926-5578-817d-7d4c24dbc693" />
</Solution>
